version = 1
revision = 2
requires-python = ">=3.10"

[[package]]
name = "aenum"
version = "3.1.16"
source = { registry = "https://pypi.org/simple" }
wheels = [
    { url = "https://files.pythonhosted.org/packages/e3/52/6ad8f63ec8da1bf40f96996d25d5b650fdd38f5975f8c813732c47388f18/aenum-3.1.16-py3-none-any.whl", hash = "sha256:9035092855a98e41b66e3d0998bd7b96280e85ceb3a04cc035636138a1943eaf", size = 165627, upload_time = "2025-04-25T03:17:58.89Z" },
]

[[package]]
name = "dbf"
version = "0.99.10"
source = { registry = "https://pypi.org/simple" }
dependencies = [
    { name = "aenum" },
]
sdist = { url = "https://files.pythonhosted.org/packages/86/d3/4608f6e9387f2a6a042451cd528491f70f65bc4797dfe7cfeb3aecd53b6a/dbf-0.99.10.tar.gz", hash = "sha256:5002bb7a579a5302d3db63738efe3e9d2532ea54a6f630176d3526416ffe00a2", size = 105101, upload_time = "2025-03-25T16:56:23.216Z" }
wheels = [
    { url = "https://files.pythonhosted.org/packages/7e/87/82e6b33f6ddb064df360dddf67906052bf48a58d6b80d80c6bce9d574793/dbf-0.99.10-py3-none-any.whl", hash = "sha256:2194037451b6c7e3ef1243da3a044137fd58661f7d50dd45b5d65f9360ffaaef", size = 109706, upload_time = "2025-03-25T16:56:20.329Z" },
]

[[package]]
name = "dotenv"
version = "0.9.9"
source = { registry = "https://pypi.org/simple" }
dependencies = [
    { name = "python-dotenv" },
]
wheels = [
    { url = "https://files.pythonhosted.org/packages/b2/b7/545d2c10c1fc15e48653c91efde329a790f2eecfbbf2bd16003b5db2bab0/dotenv-0.9.9-py2.py3-none-any.whl", hash = "sha256:29cf74a087b31dafdb5a446b6d7e11cbce8ed2741540e2339c69fbef92c94ce9", size = 1892, upload_time = "2025-02-19T22:15:01.647Z" },
]

[[package]]
name = "python-dotenv"
version = "1.1.0"
source = { registry = "https://pypi.org/simple" }
sdist = { url = "https://files.pythonhosted.org/packages/88/2c/7bb1416c5620485aa793f2de31d3df393d3686aa8a8506d11e10e13c5baf/python_dotenv-1.1.0.tar.gz", hash = "sha256:41f90bc6f5f177fb41f53e87666db362025010eb28f60a01c9143bfa33a2b2d5", size = 39920, upload_time = "2025-03-25T10:14:56.835Z" }
wheels = [
    { url = "https://files.pythonhosted.org/packages/1e/18/98a99ad95133c6a6e2005fe89faedf294a748bd5dc803008059409ac9b1e/python_dotenv-1.1.0-py3-none-any.whl", hash = "sha256:d7c01d9e2293916c18baf562d95698754b0dbbb5e74d457c45d4f6561fb9d55d", size = 20256, upload_time = "2025-03-25T10:14:55.034Z" },
]

[[package]]
name = "vir-conto"
source = { editable = "." }
dependencies = [
    { name = "dbf" },
    { name = "dotenv" },
]

[package.metadata]
requires-dist = [
    { name = "dbf", specifier = ">=0.99.10" },
    { name = "dotenv", specifier = ">=0.9.9" },
]
